<?xml version="1.0" encoding="utf-8"?>
<Project ToolsVersion="4.0" xmlns="http://schemas.microsoft.com/developer/msbuild/2003">
  <ItemGroup>
    <Filter Include="Source Files">
      <UniqueIdentifier>{4FC737F1-C7A5-4376-A066-2A32D752A2FF}</UniqueIdentifier>
      <Extensions>cpp;c;cc;cxx;def;odl;idl;hpj;bat;asm;asmx</Extensions>
    </Filter>
    <Filter Include="Header Files">
      <UniqueIdentifier>{93995380-89BD-4b04-88EB-625FBE52EBFB}</UniqueIdentifier>
      <Extensions>h;hh;hpp;hxx;hm;inl;inc;xsd</Extensions>
    </Filter>
    <Filter Include="Resource Files">
      <UniqueIdentifier>{67DA6AB6-F800-4c08-8B7A-83BB121AAD01}</UniqueIdentifier>
      <Extensions>rc;ico;cur;bmp;dlg;rc2;rct;bin;rgs;gif;jpg;jpeg;jpe;resx;tiff;tif;png;wav;mfcribbon-ms</Extensions>
    </Filter>
  </ItemGroup>
  <ItemGroup>
    <ClInclude Include="PreComp.h">
      <Filter>Header Files</Filter>
    </ClInclude>
    <ClInclude Include="Resource.h">
      <Filter>Header Files</Filter>
    </ClInclude>
    <ClInclude Include="TransmuterModel.h">
      <Filter>Header Files</Filter>
    </ClInclude>
    <ClInclude Include="BackgroundTasks.h">
      <Filter>Header Files</Filter>
    </ClInclude>
    <ClInclude Include="UserSettingsDef.h">
      <Filter>Header Files</Filter>
    </ClInclude>
    <ClInclude Include="TransmuterController.h">
      <Filter>Header Files</Filter>
    </ClInclude>
    <ClInclude Include="SimpleGeometry.h">
      <Filter>Header Files</Filter>
    </ClInclude>
    <ClInclude Include="SimpleSorting.h">
      <Filter>Header Files</Filter>
    </ClInclude>
    <ClInclude Include="CMainSession.h">
      <Filter>Header Files</Filter>
    </ClInclude>
    <ClInclude Include="CCommandParser.h">
      <Filter>Header Files</Filter>
    </ClInclude>
    <ClInclude Include="StringManipulation.h">
      <Filter>Header Files</Filter>
    </ClInclude>
    <ClInclude Include="Panel.h">
      <Filter>Header Files</Filter>
    </ClInclude>
    <ClInclude Include="CTransmuterPanel.h">
      <Filter>Header Files</Filter>
    </ClInclude>
    <ClInclude Include="CTitlePanel.h">
      <Filter>Header Files</Filter>
    </ClInclude>
    <ClInclude Include="CScrollBarPanel.h">
      <Filter>Header Files</Filter>
    </ClInclude>
    <ClInclude Include="CContextPanel.h">
      <Filter>Header Files</Filter>
    </ClInclude>
    <ClInclude Include="CTextPanel.h">
      <Filter>Header Files</Filter>
    </ClInclude>
    <ClInclude Include="CPreviewPanel.h">
      <Filter>Header Files</Filter>
    </ClInclude>
    <ClInclude Include="CException.h">
      <Filter>Header Files</Filter>
    </ClInclude>
    <ClInclude Include="CEditorPanel.h">
      <Filter>Header Files</Filter>
    </ClInclude>
    <ClInclude Include="CCommandPanel.h">
      <Filter>Header Files</Filter>
    </ClInclude>
    <ClInclude Include="CContainer.h">
      <Filter>Header Files</Filter>
    </ClInclude>
    <ClInclude Include="CSplitContainer.h">
      <Filter>Header Files</Filter>
    </ClInclude>
    <ClInclude Include="CFloatContainer.h">
      <Filter>Header Files</Filter>
    </ClInclude>
  </ItemGroup>
  <ItemGroup>
    <ClCompile Include="CTransmuterController.cpp">
      <Filter>Source Files</Filter>
    </ClCompile>
    <ClCompile Include="CTransmuterModel.cpp">
      <Filter>Source Files</Filter>
    </ClCompile>
    <ClCompile Include="Transmuter.cpp">
      <Filter>Source Files</Filter>
    </ClCompile>
    <ClCompile Include="SimpleGeometry.cpp">
      <Filter>Source Files</Filter>
    </ClCompile>
    <ClCompile Include="SimpleSorting.cpp">
      <Filter>Source Files</Filter>
    </ClCompile>
    <ClCompile Include="CMainSession.cpp">
      <Filter>Source Files</Filter>
    </ClCompile>
    <ClCompile Include="CCommandParser.cpp">
      <Filter>Source Files</Filter>
    </ClCompile>
    <ClCompile Include="StringManipulation.cpp">
      <Filter>Source Files</Filter>
    </ClCompile>
    <ClCompile Include="CTransmuterPanel.cpp">
      <Filter>Source Files</Filter>
    </ClCompile>
    <ClCompile Include="CTitlePanel.cpp">
      <Filter>Source Files</Filter>
    </ClCompile>
    <ClCompile Include="CTextPanel.cpp">
      <Filter>Source Files</Filter>
    </ClCompile>
    <ClCompile Include="CScrollBarPanel.cpp">
      <Filter>Source Files</Filter>
    </ClCompile>
    <ClCompile Include="CContextPanel.cpp">
      <Filter>Source Files</Filter>
    </ClCompile>
    <ClCompile Include="Panel.cpp">
      <Filter>Source Files</Filter>
    </ClCompile>
    <ClCompile Include="CCommandPanel.cpp">
      <Filter>Source Files</Filter>
    </ClCompile>
    <ClCompile Include="CContainer.cpp">
      <Filter>Source Files</Filter>
    </ClCompile>
    <ClCompile Include="CSplitContainer.cpp">
      <Filter>Source Files</Filter>
    </ClCompile>
    <ClCompile Include="CFloatContainer.cpp">
      <Filter>Source Files</Filter>
    </ClCompile>
  </ItemGroup>
  <ItemGroup>
    <ResourceCompile Include="Transmuter.rc">
      <Filter>Resource Files</Filter>
    </ResourceCompile>
  </ItemGroup>
</Project>